# This file is automatically @generated by Poetry 2.4.1 and should not be changed by hand.

[[package]]
name = "faker"
version = "40.21.0"
description = "Faker is a Python package that generates fake data for you."
optional = false
python-versions = ">=3.10"
groups = ["main"]
files = [
    {file = "faker-40.21.0-py3-none-any.whl", hash = "sha256:cb6601b2ae8e128895dc96814d271eab6b930a2d2d7932c6f9ff26785c24ee18"},
    {file = "faker-40.21.0.tar.gz", hash = "sha256:2fdee1b650a723a54432db9c6dfe17cfa29d1adc8bd60520444a07698524ba4d"},
]

[package.dependencies]
tzdata = {version = "*", markers = "platform_system == \"Windows\""}

[package.extras]
tzdata = ["tzdata"]

[[package]]
name = "tzdata"
version = "2026.2"
description = "Provider of IANA time zone data"
optional = false
python-versions = ">=2"
groups = ["main"]
markers = "platform_system == \"Windows\""
files = [
    {file = "tzdata-2026.2-py2.py3-none-any.whl", hash = "sha256:bbe9af844f658da81a5f95019480da3a89415801f6cc966806612cc7169bffe7"},
    {file = "tzdata-2026.2.tar.gz", hash = "sha256:9173fde7d80d9018e02a662e168e5a2d04f87c41ea174b139fbef642eda62d10"},
]

[metadata]
lock-version = "2.1"
python-versions = ">=3.14"
content-hash = "f9bb63cc856458b26fa91f0d1e6da29561641dc06f79ef61e43739cd98eaea02"
